
Microsoft Visual Studio Solution File, Format Version 12.00
# Visual Studio Version 16
VisualStudioVersion = 16.0.30517.126
MinimumVisualStudioVersion = 10.0.40219.1
Project("{FAE04EC0-301F-11D3-BF4B-00C04F79EFBC}") = "TP2Console", "TP2Console\TP2Console.csproj", "{E2B21FE8-8E74-4E4A-8587-FAA3218A17DE}"
EndProject
Global
	GlobalSection(SolutionConfigurationPlatforms) = preSolution
		Debug|Any CPU = Debug|Any CPU
		Release|Any CPU = Release|Any CPU
	EndGlobalSection
	GlobalSection(ProjectConfigurationPlatforms) = postSolution
		{E2B21FE8-8E74-4E4A-8587-FAA3218A17DE}.Debug|Any CPU.ActiveCfg = Debug|Any CPU
		{E2B21FE8-8E74-4E4A-8587-FAA3218A17DE}.Debug|Any CPU.Build.0 = Debug|Any CPU
		{E2B21FE8-8E74-4E4A-8587-FAA3218A17DE}.Release|Any CPU.ActiveCfg = Release|Any CPU
		{E2B21FE8-8E74-4E4A-8587-FAA3218A17DE}.Release|Any CPU.Build.0 = Release|Any CPU
	EndGlobalSection
	GlobalSection(SolutionProperties) = preSolution
		HideSolutionNode = FALSE
	EndGlobalSection
	GlobalSection(ExtensibilityGlobals) = postSolution
		SolutionGuid = {2CCD01D1-4D16-4D27-BCFB-7C44206542C3}
	EndGlobalSection
EndGlobal
